// !$*UTF8*$!
{
	archiveVersion = 1;
	classes = {
	};
	objectVersion = 46;
	objects = {

/* Begin PBXBuildFile section */
		8EAC70D71D4B104B006E4596 /* main.m in Sources */ = {isa = PBXBuildFile; fileRef = 8EAC70D61D4B104B006E4596 /* main.m */; };
		8EAC70DA1D4B104B006E4596 /* AppDelegate.m in Sources */ = {isa = PBXBuildFile; fileRef = 8EAC70D91D4B104B006E4596 /* AppDelegate.m */; };
		8EAC70DD1D4B104B006E4596 /* ViewController.m in Sources */ = {isa = PBXBuildFile; fileRef = 8EAC70DC1D4B104B006E4596 /* ViewController.m */; };
		8EAC70E01D4B104B006E4596 /* Main.storyboard in Resources */ = {isa = PBXBuildFile; fileRef = 8EAC70DE1D4B104B006E4596 /* Main.storyboard */; };
		8EAC70E21D4B104B006E4596 /* Assets.xcassets in Resources */ = {isa = PBXBuildFile; fileRef = 8EAC70E11D4B104B006E4596 /* Assets.xcassets */; };
		8EAC70E51D4B104B006E4596 /* LaunchScreen.storyboard in Resources */ = {isa = PBXBuildFile; fileRef = 8EAC70E31D4B104B006E4596 /* LaunchScreen.storyboard */; };
		8EAC70EF1D4B1069006E4596 /* ListNode.m in Sources */ = {isa = PBXBuildFile; fileRef = 8EAC70EE1D4B1069006E4596 /* ListNode.m */; };
/* End PBXBuildFile section */

/* Begin PBXFileReference section */
		8EAC70D21D4B104B006E4596 /* ListNode.app */ = {isa = PBXFileReference; explicitFileType = wrapper.application; includeInIndex = 0; path = ListNode.app; sourceTree = BUILT_PRODUCTS_DIR; };
		8EAC70D61D4B104B006E4596 /* main.m */ = {isa = PBXFileReference; lastKnownFileType = sourcecode.c.objc; path = main.m; sourceTree = "<group>"; };
		8EAC70D81D4B104B006E4596 /* AppDelegate.h */ = {isa = PBXFileReference; lastKnownFileType = sourcecode.c.h; path = AppDelegate.h; sourceTree = "<group>"; };
		8EAC70D91D4B104B006E4596 /* AppDelegate.m */ = {isa = PBXFileReference; lastKnownFileType = sourcecode.c.objc; path = AppDelegate.m; sourceTree = "<group>"; };
		8EAC70DB1D4B104B006E4596 /* ViewController.h */ = {isa = PBXFileReference; lastKnownFileType = sourcecode.c.h; path = ViewController.h; sourceTree = "<group>"; };
		8EAC70DC1D4B104B006E4596 /* ViewController.m */ = {isa = PBXFileReference; lastKnownFileType = sourcecode.c.objc; path = ViewController.m; sourceTree = "<group>"; };
		8EAC70DF1D4B104B006E4596 /* Base */ = {isa = PBXFileReference; lastKnownFileType = file.storyboard; name = Base; path = Base.lproj/Main.storyboard; sourceTree = "<group>"; };
		8EAC70E11D4B104B006E4596 /* Assets.xcassets */ = {isa = PBXFileReference; lastKnownFileType = folder.assetcatalog; path = Assets.xcassets; sourceTree = "<group>"; };
		8EAC70E41D4B104B006E4596 /* Base */ = {isa = PBXFileReference; lastKnownFileType = file.storyboard; name = Base; path = Base.lproj/LaunchScreen.storyboard; sourceTree = "<group>"; };
		8EAC70E61D4B104B006E4596 /* Info.plist */ = {isa = PBXFileReference; lastKnownFileType = text.plist.xml; path = Info.plist; sourceTree = "<group>"; };
		8EAC70ED1D4B1069006E4596 /* ListNode.h */ = {isa = PBXFileReference; fileEncoding = 4; lastKnownFileType = sourcecode.c.h; path = ListNode.h; sourceTree = "<group>"; };
		8EAC70EE1D4B1069006E4596 /* ListNode.m */ = {isa = PBXFileReference; fileEncoding = 4; lastKnownFileType = sourcecode.c.objc; path = ListNode.m; sourceTree = "<group>"; };
/* End PBXFileReference section */

/* Begin PBXFrameworksBuildPhase section */
		8EAC70CF1D4B104B006E4596 /* Frameworks */ = {
			isa = PBXFrameworksBuildPhase;
			buildActionMask = 2147483647;
			files = (
			);
			runOnlyForDeploymentPostprocessing = 0;
		};
/* End PBXFrameworksBuildPhase section */

/* Begin PBXGroup section */
		8EAC70C91D4B104B006E4596 = {
			isa = PBXGroup;
			children = (
				8EAC70D41D4B104B006E4596 /* ListNode */,
				8EAC70D31D4B104B006E4596 /* Products */,
			);
			sourceTree = "<group>";
		};
		8EAC70D31D4B104B006E4596 /* Products */ = {
			isa = PBXGroup;
			children = (
				8EAC70D21D4B104B006E4596 /* ListNode.app */,
			);
			name = Products;
			sourceTree = "<group>";
		};
		8EAC70D41D4B104B006E4596 /* ListNode */ = {
			isa = PBXGroup;
			children = (
				8EAC70EC1D4B105D006E4596 /* ListNode */,
				8EAC70D81D4B104B006E4596 /* AppDelegate.h */,
				8EAC70D91D4B104B006E4596 /* AppDelegate.m */,
				8EAC70DB1D4B104B006E4596 /* ViewController.h */,
				8EAC70DC1D4B104B006E4596 /* ViewController.m */,
				8EAC70DE1D4B104B006E4596 /* Main.storyboard */,
				8EAC70E11D4B104B006E4596 /* Assets.xcassets */,
				8EAC70E31D4B104B006E4596 /* LaunchScreen.storyboard */,
				8EAC70E61D4B104B006E4596 /* Info.plist */,
				8EAC70D51D4B104B006E4596 /* Supporting Files */,
			);
			path = ListNode;
			sourceTree = "<group>";
		};
		8EAC70D51D4B104B006E4596 /* Supporting Files */ = {
			isa = PBXGroup;
			children = (
				8EAC70D61D4B104B006E4596 /* main.m */,
			);
			name = "Supporting Files";
			sourceTree = "<group>";
		};
		8EAC70EC1D4B105D006E4596 /* ListNode */ = {
			isa = PBXGroup;
			children = (
				8EAC70ED1D4B1069006E4596 /* ListNode.h */,
				8EAC70EE1D4B1069006E4596 /* ListNode.m */,
			);
			path = ListNode;
			sourceTree = "<group>";
		};
/* End PBXGroup section */

/* Begin PBXNativeTarget section */
		8EAC70D11D4B104B006E4596 /* ListNode */ = {
			isa = PBXNativeTarget;
			buildConfigurationList = 8EAC70E91D4B104B006E4596 /* Build configuration list for PBXNativeTarget "ListNode" */;
			buildPhases = (
				8EAC70CE1D4B104B006E4596 /* Sources */,
				8EAC70CF1D4B104B006E4596 /* Frameworks */,
				8EAC70D01D4B104B006E4596 /* Resources */,
			);
			buildRules = (
			);
			dependencies = (
			);
			name = ListNode;
			productName = ListNode;
			productReference = 8EAC70D21D4B104B006E4596 /* ListNode.app */;
			productType = "com.apple.product-type.application";
		};
/* End PBXNativeTarget section */

/* Begin PBXProject section */
		8EAC70CA1D4B104B006E4596 /* Project object */ = {
			isa = PBXProject;
			attributes = {
				LastUpgradeCheck = 0720;
				ORGANIZATIONNAME = Deter;
				TargetAttributes = {
					8EAC70D11D4B104B006E4596 = {
						CreatedOnToolsVersion = 7.2.1;
					};
				};
			};
			buildConfigurationList = 8EAC70CD1D4B104B006E4596 /* Build configuration list for PBXProject "ListNode" */;
			compatibilityVersion = "Xcode 3.2";
			developmentRegion = English;
			hasScannedForEncodings = 0;
			knownRegions = (
				en,
				Base,
			);
			mainGroup = 8EAC70C91D4B104B006E4596;
			productRefGroup = 8EAC70D31D4B104B006E4596 /* Products */;
			projectDirPath = "";
			projectRoot = "";
			targets = (
				8EAC70D11D4B104B006E4596 /* ListNode */,
			);
		};
/* End PBXProject section */

/* Begin PBXResourcesBuildPhase section */
		8EAC70D01D4B104B006E4596 /* Resources */ = {
			isa = PBXResourcesBuildPhase;
			buildActionMask = 2147483647;
			files = (
				8EAC70E51D4B104B006E4596 /* LaunchScreen.storyboard in Resources */,
				8EAC70E21D4B104B006E4596 /* Assets.xcassets in Resources */,
				8EAC70E01D4B104B006E4596 /* Main.storyboard in Resources */,
			);
			runOnlyForDeploymentPostprocessing = 0;
		};
/* End PBXResourcesBuildPhase section */

/* Begin PBXSourcesBuildPhase section */
		8EAC70CE1D4B104B006E4596 /* Sources */ = {
			isa = PBXSourcesBuildPhase;
			buildActionMask = 2147483647;
			files = (
				8EAC70DD1D4B104B006E4596 /* ViewController.m in Sources */,
				8EAC70DA1D4B104B006E4596 /* AppDelegate.m in Sources */,
				8EAC70D71D4B104B006E4596 /* main.m in Sources */,
				8EAC70EF1D4B1069006E4596 /* ListNode.m in Sources */,
			);
			runOnlyForDeploymentPostprocessing = 0;
		};
/* End PBXSourcesBuildPhase section */

/* Begin PBXVariantGroup section */
		8EAC70DE1D4B104B006E4596 /* Main.storyboard */ = {
			isa = PBXVariantGroup;
			children = (
				8EAC70DF1D4B104B006E4596 /* Base */,
			);
			name = Main.storyboard;
			sourceTree = "<group>";
		};
		8EAC70E31D4B104B006E4596 /* LaunchScreen.storyboard */ = {
			isa = PBXVariantGroup;
			children = (
				8EAC70E41D4B104B006E4596 /* Base */,
			);
			name = LaunchScreen.storyboard;
			sourceTree = "<group>";
		};
/* End PBXVariantGroup section */

/* Begin XCBuildConfiguration section */
		8EAC70E71D4B104B006E4596 /* Debug */ = {
			isa = XCBuildConfiguration;
			buildSettings = {
				ALWAYS_SEARCH_USER_PATHS = NO;
				CLANG_CXX_LANGUAGE_STANDARD = "gnu++0x";
				CLANG_CXX_LIBRARY = "libc++";
				CLANG_ENABLE_MODULES = YES;
				CLANG_ENABLE_OBJC_ARC = YES;
				CLANG_WARN_BOOL_CONVERSION = YES;
				CLANG_WARN_CONSTANT_CONVERSION = YES;
				CLANG_WARN_DIRECT_OBJC_ISA_USAGE = YES_ERROR;
				CLANG_WARN_EMPTY_BODY = YES;
				CLANG_WARN_ENUM_CONVERSION = YES;
				CLANG_WARN_INT_CONVERSION = YES;
				CLANG_WARN_OBJC_ROOT_CLASS = YES_ERROR;
				CLANG_WARN_UNREACHABLE_CODE = YES;
				CLANG_WARN__DUPLICATE_METHOD_MATCH = YES;
				"CODE_SIGN_IDENTITY[sdk=iphoneos*]" = "iPhone Developer";
				COPY_PHASE_STRIP = NO;
				DEBUG_INFORMATION_FORMAT = dwarf;
				ENABLE_STRICT_OBJC_MSGSEND = YES;
				ENABLE_TESTABILITY = YES;
				GCC_C_LANGUAGE_STANDARD = gnu99;
				GCC_DYNAMIC_NO_PIC = NO;
				GCC_NO_COMMON_BLOCKS = YES;
				GCC_OPTIMIZATION_LEVEL = 0;
				GCC_PREPROCESSOR_DEFINITIONS = (
					"DEBUG=1",
					"$(inherited)",
				);
				GCC_WARN_64_TO_32_BIT_CONVERSION = YES;
				GCC_WARN_ABOUT_RETURN_TYPE = YES_ERROR;
				GCC_WARN_UNDECLARED_SELECTOR = YES;
				GCC_WARN_UNINITIALIZED_AUTOS = YES_AGGRESSIVE;
				GCC_WARN_UNUSED_FUNCTION = YES;
				GCC_WARN_UNUSED_VARIABLE = YES;
				IPHONEOS_DEPLOYMENT_TARGET = 9.2;
				MTL_ENABLE_DEBUG_INFO = YES;
				ONLY_ACTIVE_ARCH = YES;
				SDKROOT = iphoneos;
			};
			name = Debug;
		};
		8EAC70E81D4B104B006E4596 /* Release */ = {
			isa = XCBuildConfiguration;
			buildSettings = {
				ALWAYS_SEARCH_USER_PATHS = NO;
				CLANG_CXX_LANGUAGE_STANDARD = "gnu++0x";
				CLANG_CXX_LIBRARY = "libc++";
				CLANG_ENABLE_MODULES = YES;
				CLANG_ENABLE_OBJC_ARC = YES;
				CLANG_WARN_BOOL_CONVERSION = YES;
				CLANG_WARN_CONSTANT_CONVERSION = YES;
				CLANG_WARN_DIRECT_OBJC_ISA_USAGE = YES_ERROR;
				CLANG_WARN_EMPTY_BODY = YES;
				CLANG_WARN_ENUM_CONVERSION = YES;
				CLANG_WARN_INT_CONVERSION = YES;
				CLANG_WARN_OBJC_ROOT_CLASS = YES_ERROR;
				CLANG_WARN_UNREACHABLE_CODE = YES;
				CLANG_WARN__DUPLICATE_METHOD_MATCH = YES;
				"CODE_SIGN_IDENTITY[sdk=iphoneos*]" = "iPhone Developer";
				COPY_PHASE_STRIP = NO;
				DEBUG_INFORMATION_FORMAT = "dwarf-with-dsym";
				ENABLE_NS_ASSERTIONS = NO;
				ENABLE_STRICT_OBJC_MSGSEND = YES;
				GCC_C_LANGUAGE_STANDARD = gnu99;
				GCC_NO_COMMON_BLOCKS = YES;
				GCC_WARN_64_TO_32_BIT_CONVERSION = YES;
				GCC_WARN_ABOUT_RETURN_TYPE = YES_ERROR;
				GCC_WARN_UNDECLARED_SELECTOR = YES;
				GCC_WARN_UNINITIALIZED_AUTOS = YES_AGGRESSIVE;
				GCC_WARN_UNUSED_FUNCTION = YES;
				GCC_WARN_UNUSED_VARIABLE = YES;
				IPHONEOS_DEPLOYMENT_TARGET = 9.2;
				MTL_ENABLE_DEBUG_INFO = NO;
				SDKROOT = iphoneos;
				VALIDATE_PRODUCT = YES;
			};
			name = Release;
		};
		8EAC70EA1D4B104B006E4596 /* Debug */ = {
			isa = XCBuildConfiguration;
			buildSettings = {
				ASSETCATALOG_COMPILER_APPICON_NAME = AppIcon;
				INFOPLIST_FILE = ListNode/Info.plist;
				LD_RUNPATH_SEARCH_PATHS = "$(inherited) @executable_path/Frameworks";
				PRODUCT_BUNDLE_IDENTIFIER = com.XX.ListNode;
				PRODUCT_NAME = "$(TARGET_NAME)";
			};
			name = Debug;
		};
		8EAC70EB1D4B104B006E4596 /* Release */ = {
			isa = XCBuildConfiguration;
			buildSettings = {
				ASSETCATALOG_COMPILER_APPICON_NAME = AppIcon;
				INFOPLIST_FILE = ListNode/Info.plist;
				LD_RUNPATH_SEARCH_PATHS = "$(inherited) @executable_path/Frameworks";
				PRODUCT_BUNDLE_IDENTIFIER = com.XX.ListNode;
				PRODUCT_NAME = "$(TARGET_NAME)";
			};
			name = Release;
		};
/* End XCBuildConfiguration section */

/* Begin XCConfigurationList section */
		8EAC70CD1D4B104B006E4596 /* Build configuration list for PBXProject "ListNode" */ = {
			isa = XCConfigurationList;
			buildConfigurations = (
				8EAC70E71D4B104B006E4596 /* Debug */,
				8EAC70E81D4B104B006E4596 /* Release */,
			);
			defaultConfigurationIsVisible = 0;
			defaultConfigurationName = Release;
		};
		8EAC70E91D4B104B006E4596 /* Build configuration list for PBXNativeTarget "ListNode" */ = {
			isa = XCConfigurationList;
			buildConfigurations = (
				8EAC70EA1D4B104B006E4596 /* Debug */,
				8EAC70EB1D4B104B006E4596 /* Release */,
			);
			defaultConfigurationIsVisible = 0;
		};
/* End XCConfigurationList section */
	};
	rootObject = 8EAC70CA1D4B104B006E4596 /* Project object */;
}
